
Microsoft Visual Studio Solution File, Format Version 12.00
# Visual Studio Version 16
VisualStudioVersion = 16.0.30320.27
MinimumVisualStudioVersion = 10.0.40219.1
Project("{FAE04EC0-301F-11D3-BF4B-00C04F79EFBC}") = "MES_Project", "MES_Project.csproj", "{92B875DF-2068-4FE3-B45B-B1F162EFD19B}"
EndProject
Global
	GlobalSection(SolutionConfigurationPlatforms) = preSolution
		Debug|Any CPU = Debug|Any CPU
		Release|Any CPU = Release|Any CPU
	EndGlobalSection
	GlobalSection(ProjectConfigurationPlatforms) = postSolution
		{92B875DF-2068-4FE3-B45B-B1F162EFD19B}.Debug|Any CPU.ActiveCfg = Debug|Any CPU
		{92B875DF-2068-4FE3-B45B-B1F162EFD19B}.Debug|Any CPU.Build.0 = Debug|Any CPU
		{92B875DF-2068-4FE3-B45B-B1F162EFD19B}.Release|Any CPU.ActiveCfg = Release|Any CPU
		{92B875DF-2068-4FE3-B45B-B1F162EFD19B}.Release|Any CPU.Build.0 = Release|Any CPU
	EndGlobalSection
	GlobalSection(SolutionProperties) = preSolution
		HideSolutionNode = FALSE
	EndGlobalSection
	GlobalSection(ExtensibilityGlobals) = postSolution
		SolutionGuid = {8B4A00AC-CD5D-46EF-904B-9C2264084B34}
	EndGlobalSection
EndGlobal
